
Microsoft Visual Studio Solution File, Format Version 12.00
Project("{FAE04EC0-301F-11D3-BF4B-00C04F79EFBC}") = "AvaloniaApplication2_week5_RPSSL_GUI", "AvaloniaApplication2_week5_RPSSL_GUI.csproj", "{31C2E51F-C3C0-4051-A6BB-9E7D87AD596C}"
EndProject
Global
	GlobalSection(SolutionConfigurationPlatforms) = preSolution
		Debug|Any CPU = Debug|Any CPU
		Release|Any CPU = Release|Any CPU
	EndGlobalSection
	GlobalSection(ProjectConfigurationPlatforms) = postSolution
		{31C2E51F-C3C0-4051-A6BB-9E7D87AD596C}.Debug|Any CPU.ActiveCfg = Debug|Any CPU
		{31C2E51F-C3C0-4051-A6BB-9E7D87AD596C}.Debug|Any CPU.Build.0 = Debug|Any CPU
		{31C2E51F-C3C0-4051-A6BB-9E7D87AD596C}.Release|Any CPU.ActiveCfg = Release|Any CPU
		{31C2E51F-C3C0-4051-A6BB-9E7D87AD596C}.Release|Any CPU.Build.0 = Release|Any CPU
	EndGlobalSection
EndGlobal
